PODS:
  - FlagKit (2.2)
  - lottie-ios (3.1.6)

DEPENDENCIES:
  - FlagKit
  - lottie-ios

SPEC REPOS:
  trunk:
    - FlagKit
    - lottie-ios

SPEC CHECKSUMS:
  FlagKit: eca7dc89064b0c986302ba9acefad1bf80a435b1
  lottie-ios: 85ce835dd8c53e02509f20729fc7d6a4e6645a0a

PODFILE CHECKSUM: 6b6a58df17f8ee4de6f26fecd6a722b4117b5ce9

COCOAPODS: 1.9.1
