// !$*UTF8*$!
{
	archiveVersion = 1;
	classes = {
	};
	objectVersion = 51;
	objects = {

/* Begin PBXBuildFile section */
		AE02286F242D538800BBA6E0 /* TableViewController.swift in Sources */ = {isa = PBXBuildFile; fileRef = AE02286E242D538800BBA6E0 /* TableViewController.swift */; };
		AE385C9D2431489400F6407D /* CovidAPIResponse.swift in Sources */ = {isa = PBXBuildFile; fileRef = AE385C9C2431489400F6407D /* CovidAPIResponse.swift */; };
		AE385CA12431490200F6407D /* CovidNetworkManager.swift in Sources */ = {isa = PBXBuildFile; fileRef = AE385CA02431490200F6407D /* CovidNetworkManager.swift */; };
		AE4224C52442F86600C57B5E /* 17476-loading.json in Resources */ = {isa = PBXBuildFile; fileRef = AE4224C42442F86500C57B5E /* 17476-loading.json */; };
		AE487486243069FA00583995 /* CovidDataCell.swift in Sources */ = {isa = PBXBuildFile; fileRef = AE487485243069FA00583995 /* CovidDataCell.swift */; };
		AE553158244228E40029A54F /* DetailsViewController.swift in Sources */ = {isa = PBXBuildFile; fileRef = AE553157244228E40029A54F /* DetailsViewController.swift */; };
		AE5FEAE42432CA2C00A80C3D /* CovidDataSet.swift in Sources */ = {isa = PBXBuildFile; fileRef = AE5FEAE32432CA2C00A80C3D /* CovidDataSet.swift */; };
		AE91761A24318A96003D4DD9 /* OnboardingViewController.swift in Sources */ = {isa = PBXBuildFile; fileRef = AE91761924318A96003D4DD9 /* OnboardingViewController.swift */; };
		AE91761C2431B146003D4DD9 /* OnboardingScreens.swift in Sources */ = {isa = PBXBuildFile; fileRef = AE91761B2431B146003D4DD9 /* OnboardingScreens.swift */; };
		AEC065C02442E7A400CA317D /* LottieViewController.swift in Sources */ = {isa = PBXBuildFile; fileRef = AEC065BF2442E7A400CA317D /* LottieViewController.swift */; };
		AED638C2242B2457001E8162 /* AppDelegate.swift in Sources */ = {isa = PBXBuildFile; fileRef = AED638C1242B2457001E8162 /* AppDelegate.swift */; };
		AED638C4242B2457001E8162 /* SceneDelegate.swift in Sources */ = {isa = PBXBuildFile; fileRef = AED638C3242B2457001E8162 /* SceneDelegate.swift */; };
		AED638C9242B2457001E8162 /* Main.storyboard in Resources */ = {isa = PBXBuildFile; fileRef = AED638C7242B2457001E8162 /* Main.storyboard */; };
		AED638CB242B2458001E8162 /* Assets.xcassets in Resources */ = {isa = PBXBuildFile; fileRef = AED638CA242B2458001E8162 /* Assets.xcassets */; };
		AED638CE242B2458001E8162 /* LaunchScreen.storyboard in Resources */ = {isa = PBXBuildFile; fileRef = AED638CC242B2458001E8162 /* LaunchScreen.storyboard */; };
		C5F273DE9ED53FC6090AAD19 /* Pods_Covid19_Data.framework in Frameworks */ = {isa = PBXBuildFile; fileRef = D81C975263F8B24E505C20E2 /* Pods_Covid19_Data.framework */; };
/* End PBXBuildFile section */

/* Begin PBXFileReference section */
		AE02286E242D538800BBA6E0 /* TableViewController.swift */ = {isa = PBXFileReference; lastKnownFileType = sourcecode.swift; path = TableViewController.swift; sourceTree = "<group>"; };
		AE385C9C2431489400F6407D /* CovidAPIResponse.swift */ = {isa = PBXFileReference; lastKnownFileType = sourcecode.swift; path = CovidAPIResponse.swift; sourceTree = "<group>"; };
		AE385CA02431490200F6407D /* CovidNetworkManager.swift */ = {isa = PBXFileReference; lastKnownFileType = sourcecode.swift; path = CovidNetworkManager.swift; sourceTree = "<group>"; };
		AE4224C42442F86500C57B5E /* 17476-loading.json */ = {isa = PBXFileReference; fileEncoding = 4; lastKnownFileType = text.json; path = "17476-loading.json"; sourceTree = "<group>"; };
		AE487485243069FA00583995 /* CovidDataCell.swift */ = {isa = PBXFileReference; lastKnownFileType = sourcecode.swift; path = CovidDataCell.swift; sourceTree = "<group>"; };
		AE553157244228E40029A54F /* DetailsViewController.swift */ = {isa = PBXFileReference; lastKnownFileType = sourcecode.swift; path = DetailsViewController.swift; sourceTree = "<group>"; };
		AE5FEAE32432CA2C00A80C3D /* CovidDataSet.swift */ = {isa = PBXFileReference; lastKnownFileType = sourcecode.swift; path = CovidDataSet.swift; sourceTree = "<group>"; };
		AE91761924318A96003D4DD9 /* OnboardingViewController.swift */ = {isa = PBXFileReference; lastKnownFileType = sourcecode.swift; path = OnboardingViewController.swift; sourceTree = "<group>"; };
		AE91761B2431B146003D4DD9 /* OnboardingScreens.swift */ = {isa = PBXFileReference; lastKnownFileType = sourcecode.swift; path = OnboardingScreens.swift; sourceTree = "<group>"; };
		AEC065BF2442E7A400CA317D /* LottieViewController.swift */ = {isa = PBXFileReference; lastKnownFileType = sourcecode.swift; path = LottieViewController.swift; sourceTree = "<group>"; };
		AED638BE242B2457001E8162 /* Covid19 Data.app */ = {isa = PBXFileReference; explicitFileType = wrapper.application; includeInIndex = 0; path = "Covid19 Data.app"; sourceTree = BUILT_PRODUCTS_DIR; };
		AED638C1242B2457001E8162 /* AppDelegate.swift */ = {isa = PBXFileReference; lastKnownFileType = sourcecode.swift; path = AppDelegate.swift; sourceTree = "<group>"; };
		AED638C3242B2457001E8162 /* SceneDelegate.swift */ = {isa = PBXFileReference; lastKnownFileType = sourcecode.swift; path = SceneDelegate.swift; sourceTree = "<group>"; };
		AED638C8242B2457001E8162 /* Base */ = {isa = PBXFileReference; lastKnownFileType = file.storyboard; name = Base; path = Base.lproj/Main.storyboard; sourceTree = "<group>"; };
		AED638CA242B2458001E8162 /* Assets.xcassets */ = {isa = PBXFileReference; lastKnownFileType = folder.assetcatalog; path = Assets.xcassets; sourceTree = "<group>"; };
		AED638CD242B2458001E8162 /* Base */ = {isa = PBXFileReference; lastKnownFileType = file.storyboard; name = Base; path = Base.lproj/LaunchScreen.storyboard; sourceTree = "<group>"; };
		AED638CF242B2458001E8162 /* Info.plist */ = {isa = PBXFileReference; lastKnownFileType = text.plist.xml; path = Info.plist; sourceTree = "<group>"; };
		D81C975263F8B24E505C20E2 /* Pods_Covid19_Data.framework */ = {isa = PBXFileReference; explicitFileType = wrapper.framework; includeInIndex = 0; path = Pods_Covid19_Data.framework; sourceTree = BUILT_PRODUCTS_DIR; };
		DE2540F0E43D63E5C9B1FE58 /* Pods-Covid19 Data.debug.xcconfig */ = {isa = PBXFileReference; includeInIndex = 1; lastKnownFileType = text.xcconfig; name = "Pods-Covid19 Data.debug.xcconfig"; path = "Target Support Files/Pods-Covid19 Data/Pods-Covid19 Data.debug.xcconfig"; sourceTree = "<group>"; };
		E877B5C26BBADBCD03021023 /* Pods-Covid19 Data.release.xcconfig */ = {isa = PBXFileReference; includeInIndex = 1; lastKnownFileType = text.xcconfig; name = "Pods-Covid19 Data.release.xcconfig"; path = "Target Support Files/Pods-Covid19 Data/Pods-Covid19 Data.release.xcconfig"; sourceTree = "<group>"; };
/* End PBXFileReference section */

/* Begin PBXFrameworksBuildPhase section */
		AED638BB242B2457001E8162 /* Frameworks */ = {
			isa = PBXFrameworksBuildPhase;
			buildActionMask = 2147483647;
			files = (
				C5F273DE9ED53FC6090AAD19 /* Pods_Covid19_Data.framework in Frameworks */,
			);
			runOnlyForDeploymentPostprocessing = 0;
		};
/* End PBXFrameworksBuildPhase section */

/* Begin PBXGroup section */
		253EBCE1B50F9FEEAF9C316D /* Pods */ = {
			isa = PBXGroup;
			children = (
				DE2540F0E43D63E5C9B1FE58 /* Pods-Covid19 Data.debug.xcconfig */,
				E877B5C26BBADBCD03021023 /* Pods-Covid19 Data.release.xcconfig */,
			);
			path = Pods;
			sourceTree = "<group>";
		};
		AE385C9B243147EF00F6407D /* Models */ = {
			isa = PBXGroup;
			children = (
				AE385C9C2431489400F6407D /* CovidAPIResponse.swift */,
			);
			path = Models;
			sourceTree = "<group>";
		};
		AE385C9E2431489E00F6407D /* Managers */ = {
			isa = PBXGroup;
			children = (
				AE385CA02431490200F6407D /* CovidNetworkManager.swift */,
			);
			path = Managers;
			sourceTree = "<group>";
		};
		AED638B5242B2457001E8162 = {
			isa = PBXGroup;
			children = (
				AED638C0242B2457001E8162 /* Covid19 Data */,
				AED638BF242B2457001E8162 /* Products */,
				253EBCE1B50F9FEEAF9C316D /* Pods */,
				CB07BEE391761527A26F6A8D /* Frameworks */,
			);
			sourceTree = "<group>";
		};
		AED638BF242B2457001E8162 /* Products */ = {
			isa = PBXGroup;
			children = (
				AED638BE242B2457001E8162 /* Covid19 Data.app */,
			);
			name = Products;
			sourceTree = "<group>";
		};
		AED638C0242B2457001E8162 /* Covid19 Data */ = {
			isa = PBXGroup;
			children = (
				AEF7C5DE24315CA40016D237 /* Onboarding */,
				AEF7C5DD24315C150016D237 /* CovidList */,
				AE385C9E2431489E00F6407D /* Managers */,
				AE385C9B243147EF00F6407D /* Models */,
				AED638C7242B2457001E8162 /* Main.storyboard */,
				AEC065BF2442E7A400CA317D /* LottieViewController.swift */,
				AED638C1242B2457001E8162 /* AppDelegate.swift */,
				AE4224C42442F86500C57B5E /* 17476-loading.json */,
				AED638C3242B2457001E8162 /* SceneDelegate.swift */,
				AED638CA242B2458001E8162 /* Assets.xcassets */,
				AED638CC242B2458001E8162 /* LaunchScreen.storyboard */,
				AED638CF242B2458001E8162 /* Info.plist */,
			);
			path = "Covid19 Data";
			sourceTree = "<group>";
		};
		AEF7C5DD24315C150016D237 /* CovidList */ = {
			isa = PBXGroup;
			children = (
				AE487485243069FA00583995 /* CovidDataCell.swift */,
				AE02286E242D538800BBA6E0 /* TableViewController.swift */,
				AE553157244228E40029A54F /* DetailsViewController.swift */,
				AE5FEAE32432CA2C00A80C3D /* CovidDataSet.swift */,
			);
			path = CovidList;
			sourceTree = "<group>";
		};
		AEF7C5DE24315CA40016D237 /* Onboarding */ = {
			isa = PBXGroup;
			children = (
				AE91761924318A96003D4DD9 /* OnboardingViewController.swift */,
				AE91761B2431B146003D4DD9 /* OnboardingScreens.swift */,
			);
			path = Onboarding;
			sourceTree = "<group>";
		};
		CB07BEE391761527A26F6A8D /* Frameworks */ = {
			isa = PBXGroup;
			children = (
				D81C975263F8B24E505C20E2 /* Pods_Covid19_Data.framework */,
			);
			name = Frameworks;
			sourceTree = "<group>";
		};
/* End PBXGroup section */

/* Begin PBXNativeTarget section */
		AED638BD242B2457001E8162 /* Covid19 Data */ = {
			isa = PBXNativeTarget;
			buildConfigurationList = AED638D2242B2458001E8162 /* Build configuration list for PBXNativeTarget "Covid19 Data" */;
			buildPhases = (
				F9EC03D5A7262A6E108F97A9 /* [CP] Check Pods Manifest.lock */,
				AED638BA242B2457001E8162 /* Sources */,
				AED638BB242B2457001E8162 /* Frameworks */,
				AED638BC242B2457001E8162 /* Resources */,
				3D71D4E51CEA851BCAFA7F27 /* [CP] Embed Pods Frameworks */,
			);
			buildRules = (
			);
			dependencies = (
			);
			name = "Covid19 Data";
			productName = "Covid19 Data";
			productReference = AED638BE242B2457001E8162 /* Covid19 Data.app */;
			productType = "com.apple.product-type.application";
		};
/* End PBXNativeTarget section */

/* Begin PBXProject section */
		AED638B6242B2457001E8162 /* Project object */ = {
			isa = PBXProject;
			attributes = {
				LastSwiftUpdateCheck = 1130;
				LastUpgradeCheck = 1130;
				ORGANIZATIONNAME = "Syed Ahmed";
				TargetAttributes = {
					AED638BD242B2457001E8162 = {
						CreatedOnToolsVersion = 11.3.1;
					};
				};
			};
			buildConfigurationList = AED638B9242B2457001E8162 /* Build configuration list for PBXProject "Covid19 Data" */;
			compatibilityVersion = "Xcode 9.3";
			developmentRegion = en;
			hasScannedForEncodings = 0;
			knownRegions = (
				en,
				Base,
			);
			mainGroup = AED638B5242B2457001E8162;
			productRefGroup = AED638BF242B2457001E8162 /* Products */;
			projectDirPath = "";
			projectRoot = "";
			targets = (
				AED638BD242B2457001E8162 /* Covid19 Data */,
			);
		};
/* End PBXProject section */

/* Begin PBXResourcesBuildPhase section */
		AED638BC242B2457001E8162 /* Resources */ = {
			isa = PBXResourcesBuildPhase;
			buildActionMask = 2147483647;
			files = (
				AED638CE242B2458001E8162 /* LaunchScreen.storyboard in Resources */,
				AED638CB242B2458001E8162 /* Assets.xcassets in Resources */,
				AED638C9242B2457001E8162 /* Main.storyboard in Resources */,
				AE4224C52442F86600C57B5E /* 17476-loading.json in Resources */,
			);
			runOnlyForDeploymentPostprocessing = 0;
		};
/* End PBXResourcesBuildPhase section */

/* Begin PBXShellScriptBuildPhase section */
		3D71D4E51CEA851BCAFA7F27 /* [CP] Embed Pods Frameworks */ = {
			isa = PBXShellScriptBuildPhase;
			buildActionMask = 2147483647;
			files = (
			);
			inputFileListPaths = (
				"${PODS_ROOT}/Target Support Files/Pods-Covid19 Data/Pods-Covid19 Data-frameworks-${CONFIGURATION}-input-files.xcfilelist",
			);
			name = "[CP] Embed Pods Frameworks";
			outputFileListPaths = (
				"${PODS_ROOT}/Target Support Files/Pods-Covid19 Data/Pods-Covid19 Data-frameworks-${CONFIGURATION}-output-files.xcfilelist",
			);
			runOnlyForDeploymentPostprocessing = 0;
			shellPath = /bin/sh;
			shellScript = "\"${PODS_ROOT}/Target Support Files/Pods-Covid19 Data/Pods-Covid19 Data-frameworks.sh\"\n";
			showEnvVarsInLog = 0;
		};
		F9EC03D5A7262A6E108F97A9 /* [CP] Check Pods Manifest.lock */ = {
			isa = PBXShellScriptBuildPhase;
			buildActionMask = 2147483647;
			files = (
			);
			inputFileListPaths = (
			);
			inputPaths = (
				"${PODS_PODFILE_DIR_PATH}/Podfile.lock",
				"${PODS_ROOT}/Manifest.lock",
			);
			name = "[CP] Check Pods Manifest.lock";
			outputFileListPaths = (
			);
			outputPaths = (
				"$(DERIVED_FILE_DIR)/Pods-Covid19 Data-checkManifestLockResult.txt",
			);
			runOnlyForDeploymentPostprocessing = 0;
			shellPath = /bin/sh;
			shellScript = "diff \"${PODS_PODFILE_DIR_PATH}/Podfile.lock\" \"${PODS_ROOT}/Manifest.lock\" > /dev/null\nif [ $? != 0 ] ; then\n    # print error to STDERR\n    echo \"error: The sandbox is not in sync with the Podfile.lock. Run 'pod install' or update your CocoaPods installation.\" >&2\n    exit 1\nfi\n# This output is used by Xcode 'outputs' to avoid re-running this script phase.\necho \"SUCCESS\" > \"${SCRIPT_OUTPUT_FILE_0}\"\n";
			showEnvVarsInLog = 0;
		};
/* End PBXShellScriptBuildPhase section */

/* Begin PBXSourcesBuildPhase section */
		AED638BA242B2457001E8162 /* Sources */ = {
			isa = PBXSourcesBuildPhase;
			buildActionMask = 2147483647;
			files = (
				AEC065C02442E7A400CA317D /* LottieViewController.swift in Sources */,
				AE91761C2431B146003D4DD9 /* OnboardingScreens.swift in Sources */,
				AE385CA12431490200F6407D /* CovidNetworkManager.swift in Sources */,
				AED638C2242B2457001E8162 /* AppDelegate.swift in Sources */,
				AE91761A24318A96003D4DD9 /* OnboardingViewController.swift in Sources */,
				AED638C4242B2457001E8162 /* SceneDelegate.swift in Sources */,
				AE487486243069FA00583995 /* CovidDataCell.swift in Sources */,
				AE02286F242D538800BBA6E0 /* TableViewController.swift in Sources */,
				AE5FEAE42432CA2C00A80C3D /* CovidDataSet.swift in Sources */,
				AE385C9D2431489400F6407D /* CovidAPIResponse.swift in Sources */,
				AE553158244228E40029A54F /* DetailsViewController.swift in Sources */,
			);
			runOnlyForDeploymentPostprocessing = 0;
		};
/* End PBXSourcesBuildPhase section */

/* Begin PBXVariantGroup section */
		AED638C7242B2457001E8162 /* Main.storyboard */ = {
			isa = PBXVariantGroup;
			children = (
				AED638C8242B2457001E8162 /* Base */,
			);
			name = Main.storyboard;
			sourceTree = "<group>";
		};
		AED638CC242B2458001E8162 /* LaunchScreen.storyboard */ = {
			isa = PBXVariantGroup;
			children = (
				AED638CD242B2458001E8162 /* Base */,
			);
			name = LaunchScreen.storyboard;
			sourceTree = "<group>";
		};
/* End PBXVariantGroup section */

/* Begin XCBuildConfiguration section */
		AED638D0242B2458001E8162 /* Debug */ = {
			isa = XCBuildConfiguration;
			buildSettings = {
				ALWAYS_SEARCH_USER_PATHS = NO;
				CLANG_ANALYZER_NONNULL = YES;
				CLANG_ANALYZER_NUMBER_OBJECT_CONVERSION = YES_AGGRESSIVE;
				CLANG_CXX_LANGUAGE_STANDARD = "gnu++14";
				CLANG_CXX_LIBRARY = "libc++";
				CLANG_ENABLE_MODULES = YES;
				CLANG_ENABLE_OBJC_ARC = YES;
				CLANG_ENABLE_OBJC_WEAK = YES;
				CLANG_WARN_BLOCK_CAPTURE_AUTORELEASING = YES;
				CLANG_WARN_BOOL_CONVERSION = YES;
				CLANG_WARN_COMMA = YES;
				CLANG_WARN_CONSTANT_CONVERSION = YES;
				CLANG_WARN_DEPRECATED_OBJC_IMPLEMENTATIONS = YES;
				CLANG_WARN_DIRECT_OBJC_ISA_USAGE = YES_ERROR;
				CLANG_WARN_DOCUMENTATION_COMMENTS = YES;
				CLANG_WARN_EMPTY_BODY = YES;
				CLANG_WARN_ENUM_CONVERSION = YES;
				CLANG_WARN_INFINITE_RECURSION = YES;
				CLANG_WARN_INT_CONVERSION = YES;
				CLANG_WARN_NON_LITERAL_NULL_CONVERSION = YES;
				CLANG_WARN_OBJC_IMPLICIT_RETAIN_SELF = YES;
				CLANG_WARN_OBJC_LITERAL_CONVERSION = YES;
				CLANG_WARN_OBJC_ROOT_CLASS = YES_ERROR;
				CLANG_WARN_RANGE_LOOP_ANALYSIS = YES;
				CLANG_WARN_STRICT_PROTOTYPES = YES;
				CLANG_WARN_SUSPICIOUS_MOVE = YES;
				CLANG_WARN_UNGUARDED_AVAILABILITY = YES_AGGRESSIVE;
				CLANG_WARN_UNREACHABLE_CODE = YES;
				CLANG_WARN__DUPLICATE_METHOD_MATCH = YES;
				COPY_PHASE_STRIP = NO;
				DEBUG_INFORMATION_FORMAT = dwarf;
				ENABLE_STRICT_OBJC_MSGSEND = YES;
				ENABLE_TESTABILITY = YES;
				GCC_C_LANGUAGE_STANDARD = gnu11;
				GCC_DYNAMIC_NO_PIC = NO;
				GCC_NO_COMMON_BLOCKS = YES;
				GCC_OPTIMIZATION_LEVEL = 0;
				GCC_PREPROCESSOR_DEFINITIONS = (
					"DEBUG=1",
					"$(inherited)",
				);
				GCC_WARN_64_TO_32_BIT_CONVERSION = YES;
				GCC_WARN_ABOUT_RETURN_TYPE = YES_ERROR;
				GCC_WARN_UNDECLARED_SELECTOR = YES;
				GCC_WARN_UNINITIALIZED_AUTOS = YES_AGGRESSIVE;
				GCC_WARN_UNUSED_FUNCTION = YES;
				GCC_WARN_UNUSED_VARIABLE = YES;
				IPHONEOS_DEPLOYMENT_TARGET = 13.2;
				MTL_ENABLE_DEBUG_INFO = INCLUDE_SOURCE;
				MTL_FAST_MATH = YES;
				ONLY_ACTIVE_ARCH = YES;
				SDKROOT = iphoneos;
				SWIFT_ACTIVE_COMPILATION_CONDITIONS = DEBUG;
				SWIFT_OPTIMIZATION_LEVEL = "-Onone";
			};
			name = Debug;
		};
		AED638D1242B2458001E8162 /* Release */ = {
			isa = XCBuildConfiguration;
			buildSettings = {
				ALWAYS_SEARCH_USER_PATHS = NO;
				CLANG_ANALYZER_NONNULL = YES;
				CLANG_ANALYZER_NUMBER_OBJECT_CONVERSION = YES_AGGRESSIVE;
				CLANG_CXX_LANGUAGE_STANDARD = "gnu++14";
				CLANG_CXX_LIBRARY = "libc++";
				CLANG_ENABLE_MODULES = YES;
				CLANG_ENABLE_OBJC_ARC = YES;
				CLANG_ENABLE_OBJC_WEAK = YES;
				CLANG_WARN_BLOCK_CAPTURE_AUTORELEASING = YES;
				CLANG_WARN_BOOL_CONVERSION = YES;
				CLANG_WARN_COMMA = YES;
				CLANG_WARN_CONSTANT_CONVERSION = YES;
				CLANG_WARN_DEPRECATED_OBJC_IMPLEMENTATIONS = YES;
				CLANG_WARN_DIRECT_OBJC_ISA_USAGE = YES_ERROR;
				CLANG_WARN_DOCUMENTATION_COMMENTS = YES;
				CLANG_WARN_EMPTY_BODY = YES;
				CLANG_WARN_ENUM_CONVERSION = YES;
				CLANG_WARN_INFINITE_RECURSION = YES;
				CLANG_WARN_INT_CONVERSION = YES;
				CLANG_WARN_NON_LITERAL_NULL_CONVERSION = YES;
				CLANG_WARN_OBJC_IMPLICIT_RETAIN_SELF = YES;
				CLANG_WARN_OBJC_LITERAL_CONVERSION = YES;
				CLANG_WARN_OBJC_ROOT_CLASS = YES_ERROR;
				CLANG_WARN_RANGE_LOOP_ANALYSIS = YES;
				CLANG_WARN_STRICT_PROTOTYPES = YES;
				CLANG_WARN_SUSPICIOUS_MOVE = YES;
				CLANG_WARN_UNGUARDED_AVAILABILITY = YES_AGGRESSIVE;
				CLANG_WARN_UNREACHABLE_CODE = YES;
				CLANG_WARN__DUPLICATE_METHOD_MATCH = YES;
				COPY_PHASE_STRIP = NO;
				DEBUG_INFORMATION_FORMAT = "dwarf-with-dsym";
				ENABLE_NS_ASSERTIONS = NO;
				ENABLE_STRICT_OBJC_MSGSEND = YES;
				GCC_C_LANGUAGE_STANDARD = gnu11;
				GCC_NO_COMMON_BLOCKS = YES;
				GCC_WARN_64_TO_32_BIT_CONVERSION = YES;
				GCC_WARN_ABOUT_RETURN_TYPE = YES_ERROR;
				GCC_WARN_UNDECLARED_SELECTOR = YES;
				GCC_WARN_UNINITIALIZED_AUTOS = YES_AGGRESSIVE;
				GCC_WARN_UNUSED_FUNCTION = YES;
				GCC_WARN_UNUSED_VARIABLE = YES;
				IPHONEOS_DEPLOYMENT_TARGET = 13.2;
				MTL_ENABLE_DEBUG_INFO = NO;
				MTL_FAST_MATH = YES;
				SDKROOT = iphoneos;
				SWIFT_COMPILATION_MODE = wholemodule;
				SWIFT_OPTIMIZATION_LEVEL = "-O";
				VALIDATE_PRODUCT = YES;
			};
			name = Release;
		};
		AED638D3242B2458001E8162 /* Debug */ = {
			isa = XCBuildConfiguration;
			baseConfigurationReference = DE2540F0E43D63E5C9B1FE58 /* Pods-Covid19 Data.debug.xcconfig */;
			buildSettings = {
				ASSETCATALOG_COMPILER_APPICON_NAME = AppIcon;
				CODE_SIGN_STYLE = Automatic;
				DEVELOPMENT_TEAM = RQQM3FU688;
				INFOPLIST_FILE = "Covid19 Data/Info.plist";
				LD_RUNPATH_SEARCH_PATHS = (
					"$(inherited)",
					"@executable_path/Frameworks",
				);
				PRODUCT_BUNDLE_IDENTIFIER = "com.srk.Covid19-Data";
				PRODUCT_NAME = "$(TARGET_NAME)";
				SWIFT_VERSION = 5.0;
				TARGETED_DEVICE_FAMILY = "1,2";
			};
			name = Debug;
		};
		AED638D4242B2458001E8162 /* Release */ = {
			isa = XCBuildConfiguration;
			baseConfigurationReference = E877B5C26BBADBCD03021023 /* Pods-Covid19 Data.release.xcconfig */;
			buildSettings = {
				ASSETCATALOG_COMPILER_APPICON_NAME = AppIcon;
				CODE_SIGN_STYLE = Automatic;
				DEVELOPMENT_TEAM = RQQM3FU688;
				INFOPLIST_FILE = "Covid19 Data/Info.plist";
				LD_RUNPATH_SEARCH_PATHS = (
					"$(inherited)",
					"@executable_path/Frameworks",
				);
				PRODUCT_BUNDLE_IDENTIFIER = "com.srk.Covid19-Data";
				PRODUCT_NAME = "$(TARGET_NAME)";
				SWIFT_VERSION = 5.0;
				TARGETED_DEVICE_FAMILY = "1,2";
			};
			name = Release;
		};
/* End XCBuildConfiguration section */

/* Begin XCConfigurationList section */
		AED638B9242B2457001E8162 /* Build configuration list for PBXProject "Covid19 Data" */ = {
			isa = XCConfigurationList;
			buildConfigurations = (
				AED638D0242B2458001E8162 /* Debug */,
				AED638D1242B2458001E8162 /* Release */,
			);
			defaultConfigurationIsVisible = 0;
			defaultConfigurationName = Release;
		};
		AED638D2242B2458001E8162 /* Build configuration list for PBXNativeTarget "Covid19 Data" */ = {
			isa = XCConfigurationList;
			buildConfigurations = (
				AED638D3242B2458001E8162 /* Debug */,
				AED638D4242B2458001E8162 /* Release */,
			);
			defaultConfigurationIsVisible = 0;
			defaultConfigurationName = Release;
		};
/* End XCConfigurationList section */
	};
	rootObject = AED638B6242B2457001E8162 /* Project object */;
}
